
Microsoft Visual Studio Solution File, Format Version 12.00
# Visual Studio Version 16
VisualStudioVersion = 16.0.810.11
MinimumVisualStudioVersion = 10.0.40219.1
Project("{FAE04EC0-301F-11D3-BF4B-00C04F79EFBC}") = "ThomasUniversity", "ThomasUniversity\ThomasUniversity.csproj", "{26733B1B-B3EC-4444-A480-77F7B1850B00}"
EndProject
Global
	GlobalSection(SolutionConfigurationPlatforms) = preSolution
		Debug|Any CPU = Debug|Any CPU
		Release|Any CPU = Release|Any CPU
	EndGlobalSection
	GlobalSection(ProjectConfigurationPlatforms) = postSolution
		{26733B1B-B3EC-4444-A480-77F7B1850B00}.Debug|Any CPU.ActiveCfg = Debug|Any CPU
		{26733B1B-B3EC-4444-A480-77F7B1850B00}.Debug|Any CPU.Build.0 = Debug|Any CPU
		{26733B1B-B3EC-4444-A480-77F7B1850B00}.Release|Any CPU.ActiveCfg = Release|Any CPU
		{26733B1B-B3EC-4444-A480-77F7B1850B00}.Release|Any CPU.Build.0 = Release|Any CPU
	EndGlobalSection
	GlobalSection(SolutionProperties) = preSolution
		HideSolutionNode = FALSE
	EndGlobalSection
	GlobalSection(ExtensibilityGlobals) = postSolution
		SolutionGuid = {3F74F8F0-B61D-42F0-81E3-F47970C1EED9}
	EndGlobalSection
EndGlobal
